
Microsoft Visual Studio Solution File, Format Version 12.00
# Visual Studio Version 16
VisualStudioVersion = 16.0.34031.81
MinimumVisualStudioVersion = 10.0.40219.1
Project("{2150E333-8FDC-42A3-9474-1A3956D46DE8}") = "Task0", "Task0", "{6F68615D-AC19-41E9-9ABB-9639FDB249A5}"
EndProject
Project("{FAE04EC0-301F-11D3-BF4B-00C04F79EFBC}") = "Tyuiu.KaverinED.Sprint4.Task0.V14.Lib", "Task0\Tyuiu.KaverinED.Sprint4.Task0.V14.Lib\Tyuiu.KaverinED.Sprint4.Task0.V14.Lib.csproj", "{E974237F-CDBC-4480-BA94-7ECB2BD9247B}"
EndProject
Project("{FAE04EC0-301F-11D3-BF4B-00C04F79EFBC}") = "Tyuiu.KaverinED.Sprint4.Task0.V14", "Task0\Tyuiu.KaverinED.Sprint4.Task0.V14\Tyuiu.KaverinED.Sprint4.Task0.V14.csproj", "{94D99815-C996-4DFC-A996-1F8FBB7E17C9}"
EndProject
Project("{FAE04EC0-301F-11D3-BF4B-00C04F79EFBC}") = "Tyuiu.KaverinED.Sprint4.Task0.V14.Test", "Task0\Tyuiu.KaverinED.Sprint4.Task0.V14.Test\Tyuiu.KaverinED.Sprint4.Task0.V14.Test.csproj", "{9F207A68-D6EE-4785-B6A9-8126D7F1B876}"
EndProject
Project("{2150E333-8FDC-42A3-9474-1A3956D46DE8}") = "Task1", "Task1", "{E8F6B597-8F43-4431-ABA8-766D4136E70A}"
EndProject
Project("{FAE04EC0-301F-11D3-BF4B-00C04F79EFBC}") = "Tyuiu.KaverinED.Sprint4.Task1.V17.LIb", "Task1\Tyuiu.KaverinED.Sprint4.Task1.V17.LIb\Tyuiu.KaverinED.Sprint4.Task1.V17.LIb.csproj", "{0D18AAE3-3173-4268-9C7D-E8DAD54AE153}"
EndProject
Project("{FAE04EC0-301F-11D3-BF4B-00C04F79EFBC}") = "Tyuiu.KaverinED.Sprint4.Task1.V17.Test", "Task1\Tyuiu.KaverinED.Sprint4.Task1.V17.Test\Tyuiu.KaverinED.Sprint4.Task1.V17.Test.csproj", "{545EC789-D575-4038-960E-6453E66DE20A}"
EndProject
Project("{FAE04EC0-301F-11D3-BF4B-00C04F79EFBC}") = "Tyuiu.KaverinED.Sprint4.Task1.V17", "Task1\Tyuiu.KaverinED.Sprint4.Task1.V17\Tyuiu.KaverinED.Sprint4.Task1.V17.csproj", "{84201D6A-2E17-476E-A8D3-CDD59B41BCDC}"
EndProject
Project("{2150E333-8FDC-42A3-9474-1A3956D46DE8}") = "Task2", "Task2", "{78C8E00A-78CD-4905-AB83-3123210A7825}"
EndProject
Project("{FAE04EC0-301F-11D3-BF4B-00C04F79EFBC}") = "Tyuiu.KaverinED.Sprint4.Task2.V16.Lib", "Task2\Tyuiu.KaverinED.Sprint4.Task2.V16.Lib\Tyuiu.KaverinED.Sprint4.Task2.V16.Lib.csproj", "{46B6DC9E-1E73-4267-ACFA-E0690CD6053B}"
EndProject
Project("{FAE04EC0-301F-11D3-BF4B-00C04F79EFBC}") = "Tyuiu.KaverinED.Sprint4.Task2.V16", "Task2\Tyuiu.KaverinED.Sprint4.Task2.V16\Tyuiu.KaverinED.Sprint4.Task2.V16.csproj", "{4D29C3DD-6E18-47F5-97F6-DDA7EAABCA1E}"
EndProject
Project("{FAE04EC0-301F-11D3-BF4B-00C04F79EFBC}") = "Tyuiu.KaverinED.Sprint4.Task2.V16.Test", "Task2\Tyuiu.KaverinED.Sprint4.Task2.V16.Test\Tyuiu.KaverinED.Sprint4.Task2.V16.Test.csproj", "{D7AFAE4C-5F12-436D-A3B2-2B47E8DDAD74}"
EndProject
Project("{2150E333-8FDC-42A3-9474-1A3956D46DE8}") = "Task3", "Task3", "{34BBD976-F661-4781-A00C-1859E9BAAC8B}"
EndProject
Project("{FAE04EC0-301F-11D3-BF4B-00C04F79EFBC}") = "Tyuiu.KaverinED.Sprint4.Task3.V17.Test", "Task3\Tyuiu.KaverinED.Sprint4.Task3.V17.Test\Tyuiu.KaverinED.Sprint4.Task3.V17.Test.csproj", "{51103CA2-292E-4D78-983E-DCEA252E3FCB}"
EndProject
Project("{FAE04EC0-301F-11D3-BF4B-00C04F79EFBC}") = "Tyuiu.KaverinED.Sprint4.Task3.V17.Lib", "Task3\Tyuiu.KaverinED.Sprint4.Task3.V17.Lib\Tyuiu.KaverinED.Sprint4.Task3.V17.Lib.csproj", "{49C0EF88-5096-48E5-BBF5-2FA292E5FD0A}"
EndProject
Project("{FAE04EC0-301F-11D3-BF4B-00C04F79EFBC}") = "Tyuiu.KaverinED.Sprint4.Task3.V17", "Task3\Tyuiu.KaverinED.Sprint4.Task3.V17\Tyuiu.KaverinED.Sprint4.Task3.V17.csproj", "{D87754A7-C6FB-4C21-B696-0A401352817F}"
EndProject
Global
	GlobalSection(SolutionConfigurationPlatforms) = preSolution
		Debug|Any CPU = Debug|Any CPU
		Release|Any CPU = Release|Any CPU
	EndGlobalSection
	GlobalSection(ProjectConfigurationPlatforms) = postSolution
		{E974237F-CDBC-4480-BA94-7ECB2BD9247B}.Debug|Any CPU.ActiveCfg = Debug|Any CPU
		{E974237F-CDBC-4480-BA94-7ECB2BD9247B}.Debug|Any CPU.Build.0 = Debug|Any CPU
		{E974237F-CDBC-4480-BA94-7ECB2BD9247B}.Release|Any CPU.ActiveCfg = Release|Any CPU
		{E974237F-CDBC-4480-BA94-7ECB2BD9247B}.Release|Any CPU.Build.0 = Release|Any CPU
		{94D99815-C996-4DFC-A996-1F8FBB7E17C9}.Debug|Any CPU.ActiveCfg = Debug|Any CPU
		{94D99815-C996-4DFC-A996-1F8FBB7E17C9}.Debug|Any CPU.Build.0 = Debug|Any CPU
		{94D99815-C996-4DFC-A996-1F8FBB7E17C9}.Release|Any CPU.ActiveCfg = Release|Any CPU
		{94D99815-C996-4DFC-A996-1F8FBB7E17C9}.Release|Any CPU.Build.0 = Release|Any CPU
		{9F207A68-D6EE-4785-B6A9-8126D7F1B876}.Debug|Any CPU.ActiveCfg = Debug|Any CPU
		{9F207A68-D6EE-4785-B6A9-8126D7F1B876}.Debug|Any CPU.Build.0 = Debug|Any CPU
		{9F207A68-D6EE-4785-B6A9-8126D7F1B876}.Release|Any CPU.ActiveCfg = Release|Any CPU
		{9F207A68-D6EE-4785-B6A9-8126D7F1B876}.Release|Any CPU.Build.0 = Release|Any CPU
		{0D18AAE3-3173-4268-9C7D-E8DAD54AE153}.Debug|Any CPU.ActiveCfg = Debug|Any CPU
		{0D18AAE3-3173-4268-9C7D-E8DAD54AE153}.Debug|Any CPU.Build.0 = Debug|Any CPU
		{0D18AAE3-3173-4268-9C7D-E8DAD54AE153}.Release|Any CPU.ActiveCfg = Release|Any CPU
		{0D18AAE3-3173-4268-9C7D-E8DAD54AE153}.Release|Any CPU.Build.0 = Release|Any CPU
		{545EC789-D575-4038-960E-6453E66DE20A}.Debug|Any CPU.ActiveCfg = Debug|Any CPU
		{545EC789-D575-4038-960E-6453E66DE20A}.Debug|Any CPU.Build.0 = Debug|Any CPU
		{545EC789-D575-4038-960E-6453E66DE20A}.Release|Any CPU.ActiveCfg = Release|Any CPU
		{545EC789-D575-4038-960E-6453E66DE20A}.Release|Any CPU.Build.0 = Release|Any CPU
		{84201D6A-2E17-476E-A8D3-CDD59B41BCDC}.Debug|Any CPU.ActiveCfg = Debug|Any CPU
		{84201D6A-2E17-476E-A8D3-CDD59B41BCDC}.Debug|Any CPU.Build.0 = Debug|Any CPU
		{84201D6A-2E17-476E-A8D3-CDD59B41BCDC}.Release|Any CPU.ActiveCfg = Release|Any CPU
		{84201D6A-2E17-476E-A8D3-CDD59B41BCDC}.Release|Any CPU.Build.0 = Release|Any CPU
		{46B6DC9E-1E73-4267-ACFA-E0690CD6053B}.Debug|Any CPU.ActiveCfg = Debug|Any CPU
		{46B6DC9E-1E73-4267-ACFA-E0690CD6053B}.Debug|Any CPU.Build.0 = Debug|Any CPU
		{46B6DC9E-1E73-4267-ACFA-E0690CD6053B}.Release|Any CPU.ActiveCfg = Release|Any CPU
		{46B6DC9E-1E73-4267-ACFA-E0690CD6053B}.Release|Any CPU.Build.0 = Release|Any CPU
		{4D29C3DD-6E18-47F5-97F6-DDA7EAABCA1E}.Debug|Any CPU.ActiveCfg = Debug|Any CPU
		{4D29C3DD-6E18-47F5-97F6-DDA7EAABCA1E}.Debug|Any CPU.Build.0 = Debug|Any CPU
		{4D29C3DD-6E18-47F5-97F6-DDA7EAABCA1E}.Release|Any CPU.ActiveCfg = Release|Any CPU
		{4D29C3DD-6E18-47F5-97F6-DDA7EAABCA1E}.Release|Any CPU.Build.0 = Release|Any CPU
		{D7AFAE4C-5F12-436D-A3B2-2B47E8DDAD74}.Debug|Any CPU.ActiveCfg = Debug|Any CPU
		{D7AFAE4C-5F12-436D-A3B2-2B47E8DDAD74}.Debug|Any CPU.Build.0 = Debug|Any CPU
		{D7AFAE4C-5F12-436D-A3B2-2B47E8DDAD74}.Release|Any CPU.ActiveCfg = Release|Any CPU
		{D7AFAE4C-5F12-436D-A3B2-2B47E8DDAD74}.Release|Any CPU.Build.0 = Release|Any CPU
		{51103CA2-292E-4D78-983E-DCEA252E3FCB}.Debug|Any CPU.ActiveCfg = Debug|Any CPU
		{51103CA2-292E-4D78-983E-DCEA252E3FCB}.Debug|Any CPU.Build.0 = Debug|Any CPU
		{51103CA2-292E-4D78-983E-DCEA252E3FCB}.Release|Any CPU.ActiveCfg = Release|Any CPU
		{51103CA2-292E-4D78-983E-DCEA252E3FCB}.Release|Any CPU.Build.0 = Release|Any CPU
		{49C0EF88-5096-48E5-BBF5-2FA292E5FD0A}.Debug|Any CPU.ActiveCfg = Debug|Any CPU
		{49C0EF88-5096-48E5-BBF5-2FA292E5FD0A}.Debug|Any CPU.Build.0 = Debug|Any CPU
		{49C0EF88-5096-48E5-BBF5-2FA292E5FD0A}.Release|Any CPU.ActiveCfg = Release|Any CPU
		{49C0EF88-5096-48E5-BBF5-2FA292E5FD0A}.Release|Any CPU.Build.0 = Release|Any CPU
		{D87754A7-C6FB-4C21-B696-0A401352817F}.Debug|Any CPU.ActiveCfg = Debug|Any CPU
		{D87754A7-C6FB-4C21-B696-0A401352817F}.Debug|Any CPU.Build.0 = Debug|Any CPU
		{D87754A7-C6FB-4C21-B696-0A401352817F}.Release|Any CPU.ActiveCfg = Release|Any CPU
		{D87754A7-C6FB-4C21-B696-0A401352817F}.Release|Any CPU.Build.0 = Release|Any CPU
	EndGlobalSection
	GlobalSection(SolutionProperties) = preSolution
		HideSolutionNode = FALSE
	EndGlobalSection
	GlobalSection(NestedProjects) = preSolution
		{E974237F-CDBC-4480-BA94-7ECB2BD9247B} = {6F68615D-AC19-41E9-9ABB-9639FDB249A5}
		{94D99815-C996-4DFC-A996-1F8FBB7E17C9} = {6F68615D-AC19-41E9-9ABB-9639FDB249A5}
		{9F207A68-D6EE-4785-B6A9-8126D7F1B876} = {6F68615D-AC19-41E9-9ABB-9639FDB249A5}
		{0D18AAE3-3173-4268-9C7D-E8DAD54AE153} = {E8F6B597-8F43-4431-ABA8-766D4136E70A}
		{545EC789-D575-4038-960E-6453E66DE20A} = {E8F6B597-8F43-4431-ABA8-766D4136E70A}
		{84201D6A-2E17-476E-A8D3-CDD59B41BCDC} = {E8F6B597-8F43-4431-ABA8-766D4136E70A}
		{46B6DC9E-1E73-4267-ACFA-E0690CD6053B} = {78C8E00A-78CD-4905-AB83-3123210A7825}
		{4D29C3DD-6E18-47F5-97F6-DDA7EAABCA1E} = {78C8E00A-78CD-4905-AB83-3123210A7825}
		{D7AFAE4C-5F12-436D-A3B2-2B47E8DDAD74} = {78C8E00A-78CD-4905-AB83-3123210A7825}
		{51103CA2-292E-4D78-983E-DCEA252E3FCB} = {34BBD976-F661-4781-A00C-1859E9BAAC8B}
		{49C0EF88-5096-48E5-BBF5-2FA292E5FD0A} = {34BBD976-F661-4781-A00C-1859E9BAAC8B}
		{D87754A7-C6FB-4C21-B696-0A401352817F} = {34BBD976-F661-4781-A00C-1859E9BAAC8B}
	EndGlobalSection
	GlobalSection(ExtensibilityGlobals) = postSolution
		SolutionGuid = {2ED833F1-F67B-46EC-A454-E2830B472589}
	EndGlobalSection
EndGlobal
